// !$*UTF8*$!
{
	archiveVersion = 1;
	classes = {
	};
	objectVersion = 50;
	objects = {

/* Begin PBXBuildFile section */
		D51D8EFB2213108B0095C1AA /* Photo.swift in Sources */ = {isa = PBXBuildFile; fileRef = D51D8EFA2213108B0095C1AA /* Photo.swift */; };
		D528C184220E3C3A00977307 /* AppDelegate.swift in Sources */ = {isa = PBXBuildFile; fileRef = D528C183220E3C3A00977307 /* AppDelegate.swift */; };
		D528C186220E3C3A00977307 /* ViewController.swift in Sources */ = {isa = PBXBuildFile; fileRef = D528C185220E3C3A00977307 /* ViewController.swift */; };
		D528C189220E3C3A00977307 /* Main.storyboard in Resources */ = {isa = PBXBuildFile; fileRef = D528C187220E3C3A00977307 /* Main.storyboard */; };
		D528C18B220E3C3B00977307 /* Assets.xcassets in Resources */ = {isa = PBXBuildFile; fileRef = D528C18A220E3C3B00977307 /* Assets.xcassets */; };
		D528C18E220E3C3B00977307 /* LaunchScreen.storyboard in Resources */ = {isa = PBXBuildFile; fileRef = D528C18C220E3C3B00977307 /* LaunchScreen.storyboard */; };
		D528C196220E3C5800977307 /* NetworkHelper.swift in Sources */ = {isa = PBXBuildFile; fileRef = D528C195220E3C5800977307 /* NetworkHelper.swift */; };
		D528C198220E3C9000977307 /* AppError.swift in Sources */ = {isa = PBXBuildFile; fileRef = D528C197220E3C9000977307 /* AppError.swift */; };
		D528C19A220E3CE400977307 /* Vanue.swift in Sources */ = {isa = PBXBuildFile; fileRef = D528C199220E3CE400977307 /* Vanue.swift */; };
		D528C19C220E3D2300977307 /* VenueAPIClient.swift in Sources */ = {isa = PBXBuildFile; fileRef = D528C19B220E3D2300977307 /* VenueAPIClient.swift */; };
		D528C19E220E960800977307 /* MainView.swift in Sources */ = {isa = PBXBuildFile; fileRef = D528C19D220E960800977307 /* MainView.swift */; };
		D5E80AFE2210ECBE0075C406 /* ResultsViewController.swift in Sources */ = {isa = PBXBuildFile; fileRef = D5E80AFD2210ECBE0075C406 /* ResultsViewController.swift */; };
		D5E80B002210F39C0075C406 /* ResultsView.swift in Sources */ = {isa = PBXBuildFile; fileRef = D5E80AFF2210F39C0075C406 /* ResultsView.swift */; };
		D5E80B0222110D5D0075C406 /* VenueTableViewCell.swift in Sources */ = {isa = PBXBuildFile; fileRef = D5E80B0122110D5D0075C406 /* VenueTableViewCell.swift */; };
		D5E80B04221118DB0075C406 /* NearByCollectionViewCell.swift in Sources */ = {isa = PBXBuildFile; fileRef = D5E80B03221118DB0075C406 /* NearByCollectionViewCell.swift */; };
/* End PBXBuildFile section */

/* Begin PBXFileReference section */
		D51D8EFA2213108B0095C1AA /* Photo.swift */ = {isa = PBXFileReference; lastKnownFileType = sourcecode.swift; path = Photo.swift; sourceTree = "<group>"; };
		D528C180220E3C3A00977307 /* VenueProjectTest.app */ = {isa = PBXFileReference; explicitFileType = wrapper.application; includeInIndex = 0; path = VenueProjectTest.app; sourceTree = BUILT_PRODUCTS_DIR; };
		D528C183220E3C3A00977307 /* AppDelegate.swift */ = {isa = PBXFileReference; lastKnownFileType = sourcecode.swift; path = AppDelegate.swift; sourceTree = "<group>"; };
		D528C185220E3C3A00977307 /* ViewController.swift */ = {isa = PBXFileReference; lastKnownFileType = sourcecode.swift; path = ViewController.swift; sourceTree = "<group>"; };
		D528C188220E3C3A00977307 /* Base */ = {isa = PBXFileReference; lastKnownFileType = file.storyboard; name = Base; path = Base.lproj/Main.storyboard; sourceTree = "<group>"; };
		D528C18A220E3C3B00977307 /* Assets.xcassets */ = {isa = PBXFileReference; lastKnownFileType = folder.assetcatalog; path = Assets.xcassets; sourceTree = "<group>"; };
		D528C18D220E3C3B00977307 /* Base */ = {isa = PBXFileReference; lastKnownFileType = file.storyboard; name = Base; path = Base.lproj/LaunchScreen.storyboard; sourceTree = "<group>"; };
		D528C18F220E3C3B00977307 /* Info.plist */ = {isa = PBXFileReference; lastKnownFileType = text.plist.xml; path = Info.plist; sourceTree = "<group>"; };
		D528C195220E3C5800977307 /* NetworkHelper.swift */ = {isa = PBXFileReference; lastKnownFileType = sourcecode.swift; path = NetworkHelper.swift; sourceTree = "<group>"; };
		D528C197220E3C9000977307 /* AppError.swift */ = {isa = PBXFileReference; lastKnownFileType = sourcecode.swift; path = AppError.swift; sourceTree = "<group>"; };
		D528C199220E3CE400977307 /* Vanue.swift */ = {isa = PBXFileReference; lastKnownFileType = sourcecode.swift; path = Vanue.swift; sourceTree = "<group>"; };
		D528C19B220E3D2300977307 /* VenueAPIClient.swift */ = {isa = PBXFileReference; lastKnownFileType = sourcecode.swift; path = VenueAPIClient.swift; sourceTree = "<group>"; };
		D528C19D220E960800977307 /* MainView.swift */ = {isa = PBXFileReference; lastKnownFileType = sourcecode.swift; path = MainView.swift; sourceTree = "<group>"; };
		D5E80AFD2210ECBE0075C406 /* ResultsViewController.swift */ = {isa = PBXFileReference; lastKnownFileType = sourcecode.swift; path = ResultsViewController.swift; sourceTree = "<group>"; };
		D5E80AFF2210F39C0075C406 /* ResultsView.swift */ = {isa = PBXFileReference; lastKnownFileType = sourcecode.swift; path = ResultsView.swift; sourceTree = "<group>"; };
		D5E80B0122110D5D0075C406 /* VenueTableViewCell.swift */ = {isa = PBXFileReference; lastKnownFileType = sourcecode.swift; path = VenueTableViewCell.swift; sourceTree = "<group>"; };
		D5E80B03221118DB0075C406 /* NearByCollectionViewCell.swift */ = {isa = PBXFileReference; lastKnownFileType = sourcecode.swift; path = NearByCollectionViewCell.swift; sourceTree = "<group>"; };
/* End PBXFileReference section */

/* Begin PBXFrameworksBuildPhase section */
		D528C17D220E3C3A00977307 /* Frameworks */ = {
			isa = PBXFrameworksBuildPhase;
			buildActionMask = 2147483647;
			files = (
			);
			runOnlyForDeploymentPostprocessing = 0;
		};
/* End PBXFrameworksBuildPhase section */

/* Begin PBXGroup section */
		D528C177220E3C3A00977307 = {
			isa = PBXGroup;
			children = (
				D528C182220E3C3A00977307 /* VenueProjectTest */,
				D528C181220E3C3A00977307 /* Products */,
			);
			sourceTree = "<group>";
		};
		D528C181220E3C3A00977307 /* Products */ = {
			isa = PBXGroup;
			children = (
				D528C180220E3C3A00977307 /* VenueProjectTest.app */,
			);
			name = Products;
			sourceTree = "<group>";
		};
		D528C182220E3C3A00977307 /* VenueProjectTest */ = {
			isa = PBXGroup;
			children = (
				D528C183220E3C3A00977307 /* AppDelegate.swift */,
				D528C185220E3C3A00977307 /* ViewController.swift */,
				D528C19D220E960800977307 /* MainView.swift */,
				D5E80B03221118DB0075C406 /* NearByCollectionViewCell.swift */,
				D528C19B220E3D2300977307 /* VenueAPIClient.swift */,
				D528C195220E3C5800977307 /* NetworkHelper.swift */,
				D528C197220E3C9000977307 /* AppError.swift */,
				D528C199220E3CE400977307 /* Vanue.swift */,
				D5E80AFD2210ECBE0075C406 /* ResultsViewController.swift */,
				D5E80AFF2210F39C0075C406 /* ResultsView.swift */,
				D51D8EFA2213108B0095C1AA /* Photo.swift */,
				D5E80B0122110D5D0075C406 /* VenueTableViewCell.swift */,
				D528C187220E3C3A00977307 /* Main.storyboard */,
				D528C18A220E3C3B00977307 /* Assets.xcassets */,
				D528C18C220E3C3B00977307 /* LaunchScreen.storyboard */,
				D528C18F220E3C3B00977307 /* Info.plist */,
			);
			path = VenueProjectTest;
			sourceTree = "<group>";
		};
/* End PBXGroup section */

/* Begin PBXNativeTarget section */
		D528C17F220E3C3A00977307 /* VenueProjectTest */ = {
			isa = PBXNativeTarget;
			buildConfigurationList = D528C192220E3C3B00977307 /* Build configuration list for PBXNativeTarget "VenueProjectTest" */;
			buildPhases = (
				D528C17C220E3C3A00977307 /* Sources */,
				D528C17D220E3C3A00977307 /* Frameworks */,
				D528C17E220E3C3A00977307 /* Resources */,
			);
			buildRules = (
			);
			dependencies = (
			);
			name = VenueProjectTest;
			productName = VenueProjectTest;
			productReference = D528C180220E3C3A00977307 /* VenueProjectTest.app */;
			productType = "com.apple.product-type.application";
		};
/* End PBXNativeTarget section */

/* Begin PBXProject section */
		D528C178220E3C3A00977307 /* Project object */ = {
			isa = PBXProject;
			attributes = {
				LastSwiftUpdateCheck = 1010;
				LastUpgradeCheck = 1010;
				ORGANIZATIONNAME = "Leandro Wauters";
				TargetAttributes = {
					D528C17F220E3C3A00977307 = {
						CreatedOnToolsVersion = 10.1;
					};
				};
			};
			buildConfigurationList = D528C17B220E3C3A00977307 /* Build configuration list for PBXProject "VenueProjectTest" */;
			compatibilityVersion = "Xcode 9.3";
			developmentRegion = en;
			hasScannedForEncodings = 0;
			knownRegions = (
				en,
				Base,
			);
			mainGroup = D528C177220E3C3A00977307;
			productRefGroup = D528C181220E3C3A00977307 /* Products */;
			projectDirPath = "";
			projectRoot = "";
			targets = (
				D528C17F220E3C3A00977307 /* VenueProjectTest */,
			);
		};
/* End PBXProject section */

/* Begin PBXResourcesBuildPhase section */
		D528C17E220E3C3A00977307 /* Resources */ = {
			isa = PBXResourcesBuildPhase;
			buildActionMask = 2147483647;
			files = (
				D528C18E220E3C3B00977307 /* LaunchScreen.storyboard in Resources */,
				D528C18B220E3C3B00977307 /* Assets.xcassets in Resources */,
				D528C189220E3C3A00977307 /* Main.storyboard in Resources */,
			);
			runOnlyForDeploymentPostprocessing = 0;
		};
/* End PBXResourcesBuildPhase section */

/* Begin PBXSourcesBuildPhase section */
		D528C17C220E3C3A00977307 /* Sources */ = {
			isa = PBXSourcesBuildPhase;
			buildActionMask = 2147483647;
			files = (
				D51D8EFB2213108B0095C1AA /* Photo.swift in Sources */,
				D528C198220E3C9000977307 /* AppError.swift in Sources */,
				D5E80B04221118DB0075C406 /* NearByCollectionViewCell.swift in Sources */,
				D5E80B002210F39C0075C406 /* ResultsView.swift in Sources */,
				D528C19E220E960800977307 /* MainView.swift in Sources */,
				D5E80B0222110D5D0075C406 /* VenueTableViewCell.swift in Sources */,
				D528C19C220E3D2300977307 /* VenueAPIClient.swift in Sources */,
				D528C186220E3C3A00977307 /* ViewController.swift in Sources */,
				D528C19A220E3CE400977307 /* Vanue.swift in Sources */,
				D528C196220E3C5800977307 /* NetworkHelper.swift in Sources */,
				D528C184220E3C3A00977307 /* AppDelegate.swift in Sources */,
				D5E80AFE2210ECBE0075C406 /* ResultsViewController.swift in Sources */,
			);
			runOnlyForDeploymentPostprocessing = 0;
		};
/* End PBXSourcesBuildPhase section */

/* Begin PBXVariantGroup section */
		D528C187220E3C3A00977307 /* Main.storyboard */ = {
			isa = PBXVariantGroup;
			children = (
				D528C188220E3C3A00977307 /* Base */,
			);
			name = Main.storyboard;
			sourceTree = "<group>";
		};
		D528C18C220E3C3B00977307 /* LaunchScreen.storyboard */ = {
			isa = PBXVariantGroup;
			children = (
				D528C18D220E3C3B00977307 /* Base */,
			);
			name = LaunchScreen.storyboard;
			sourceTree = "<group>";
		};
/* End PBXVariantGroup section */

/* Begin XCBuildConfiguration section */
		D528C190220E3C3B00977307 /* Debug */ = {
			isa = XCBuildConfiguration;
			buildSettings = {
				ALWAYS_SEARCH_USER_PATHS = NO;
				CLANG_ANALYZER_NONNULL = YES;
				CLANG_ANALYZER_NUMBER_OBJECT_CONVERSION = YES_AGGRESSIVE;
				CLANG_CXX_LANGUAGE_STANDARD = "gnu++14";
				CLANG_CXX_LIBRARY = "libc++";
				CLANG_ENABLE_MODULES = YES;
				CLANG_ENABLE_OBJC_ARC = YES;
				CLANG_ENABLE_OBJC_WEAK = YES;
				CLANG_WARN_BLOCK_CAPTURE_AUTORELEASING = YES;
				CLANG_WARN_BOOL_CONVERSION = YES;
				CLANG_WARN_COMMA = YES;
				CLANG_WARN_CONSTANT_CONVERSION = YES;
				CLANG_WARN_DEPRECATED_OBJC_IMPLEMENTATIONS = YES;
				CLANG_WARN_DIRECT_OBJC_ISA_USAGE = YES_ERROR;
				CLANG_WARN_DOCUMENTATION_COMMENTS = YES;
				CLANG_WARN_EMPTY_BODY = YES;
				CLANG_WARN_ENUM_CONVERSION = YES;
				CLANG_WARN_INFINITE_RECURSION = YES;
				CLANG_WARN_INT_CONVERSION = YES;
				CLANG_WARN_NON_LITERAL_NULL_CONVERSION = YES;
				CLANG_WARN_OBJC_IMPLICIT_RETAIN_SELF = YES;
				CLANG_WARN_OBJC_LITERAL_CONVERSION = YES;
				CLANG_WARN_OBJC_ROOT_CLASS = YES_ERROR;
				CLANG_WARN_RANGE_LOOP_ANALYSIS = YES;
				CLANG_WARN_STRICT_PROTOTYPES = YES;
				CLANG_WARN_SUSPICIOUS_MOVE = YES;
				CLANG_WARN_UNGUARDED_AVAILABILITY = YES_AGGRESSIVE;
				CLANG_WARN_UNREACHABLE_CODE = YES;
				CLANG_WARN__DUPLICATE_METHOD_MATCH = YES;
				CODE_SIGN_IDENTITY = "iPhone Developer";
				COPY_PHASE_STRIP = NO;
				DEBUG_INFORMATION_FORMAT = dwarf;
				ENABLE_STRICT_OBJC_MSGSEND = YES;
				ENABLE_TESTABILITY = YES;
				GCC_C_LANGUAGE_STANDARD = gnu11;
				GCC_DYNAMIC_NO_PIC = NO;
				GCC_NO_COMMON_BLOCKS = YES;
				GCC_OPTIMIZATION_LEVEL = 0;
				GCC_PREPROCESSOR_DEFINITIONS = (
					"DEBUG=1",
					"$(inherited)",
				);
				GCC_WARN_64_TO_32_BIT_CONVERSION = YES;
				GCC_WARN_ABOUT_RETURN_TYPE = YES_ERROR;
				GCC_WARN_UNDECLARED_SELECTOR = YES;
				GCC_WARN_UNINITIALIZED_AUTOS = YES_AGGRESSIVE;
				GCC_WARN_UNUSED_FUNCTION = YES;
				GCC_WARN_UNUSED_VARIABLE = YES;
				IPHONEOS_DEPLOYMENT_TARGET = 12.1;
				MTL_ENABLE_DEBUG_INFO = INCLUDE_SOURCE;
				MTL_FAST_MATH = YES;
				ONLY_ACTIVE_ARCH = YES;
				SDKROOT = iphoneos;
				SWIFT_ACTIVE_COMPILATION_CONDITIONS = DEBUG;
				SWIFT_OPTIMIZATION_LEVEL = "-Onone";
			};
			name = Debug;
		};
		D528C191220E3C3B00977307 /* Release */ = {
			isa = XCBuildConfiguration;
			buildSettings = {
				ALWAYS_SEARCH_USER_PATHS = NO;
				CLANG_ANALYZER_NONNULL = YES;
				CLANG_ANALYZER_NUMBER_OBJECT_CONVERSION = YES_AGGRESSIVE;
				CLANG_CXX_LANGUAGE_STANDARD = "gnu++14";
				CLANG_CXX_LIBRARY = "libc++";
				CLANG_ENABLE_MODULES = YES;
				CLANG_ENABLE_OBJC_ARC = YES;
				CLANG_ENABLE_OBJC_WEAK = YES;
				CLANG_WARN_BLOCK_CAPTURE_AUTORELEASING = YES;
				CLANG_WARN_BOOL_CONVERSION = YES;
				CLANG_WARN_COMMA = YES;
				CLANG_WARN_CONSTANT_CONVERSION = YES;
				CLANG_WARN_DEPRECATED_OBJC_IMPLEMENTATIONS = YES;
				CLANG_WARN_DIRECT_OBJC_ISA_USAGE = YES_ERROR;
				CLANG_WARN_DOCUMENTATION_COMMENTS = YES;
				CLANG_WARN_EMPTY_BODY = YES;
				CLANG_WARN_ENUM_CONVERSION = YES;
				CLANG_WARN_INFINITE_RECURSION = YES;
				CLANG_WARN_INT_CONVERSION = YES;
				CLANG_WARN_NON_LITERAL_NULL_CONVERSION = YES;
				CLANG_WARN_OBJC_IMPLICIT_RETAIN_SELF = YES;
				CLANG_WARN_OBJC_LITERAL_CONVERSION = YES;
				CLANG_WARN_OBJC_ROOT_CLASS = YES_ERROR;
				CLANG_WARN_RANGE_LOOP_ANALYSIS = YES;
				CLANG_WARN_STRICT_PROTOTYPES = YES;
				CLANG_WARN_SUSPICIOUS_MOVE = YES;
				CLANG_WARN_UNGUARDED_AVAILABILITY = YES_AGGRESSIVE;
				CLANG_WARN_UNREACHABLE_CODE = YES;
				CLANG_WARN__DUPLICATE_METHOD_MATCH = YES;
				CODE_SIGN_IDENTITY = "iPhone Developer";
				COPY_PHASE_STRIP = NO;
				DEBUG_INFORMATION_FORMAT = "dwarf-with-dsym";
				ENABLE_NS_ASSERTIONS = NO;
				ENABLE_STRICT_OBJC_MSGSEND = YES;
				GCC_C_LANGUAGE_STANDARD = gnu11;
				GCC_NO_COMMON_BLOCKS = YES;
				GCC_WARN_64_TO_32_BIT_CONVERSION = YES;
				GCC_WARN_ABOUT_RETURN_TYPE = YES_ERROR;
				GCC_WARN_UNDECLARED_SELECTOR = YES;
				GCC_WARN_UNINITIALIZED_AUTOS = YES_AGGRESSIVE;
				GCC_WARN_UNUSED_FUNCTION = YES;
				GCC_WARN_UNUSED_VARIABLE = YES;
				IPHONEOS_DEPLOYMENT_TARGET = 12.1;
				MTL_ENABLE_DEBUG_INFO = NO;
				MTL_FAST_MATH = YES;
				SDKROOT = iphoneos;
				SWIFT_COMPILATION_MODE = wholemodule;
				SWIFT_OPTIMIZATION_LEVEL = "-O";
				VALIDATE_PRODUCT = YES;
			};
			name = Release;
		};
		D528C193220E3C3B00977307 /* Debug */ = {
			isa = XCBuildConfiguration;
			buildSettings = {
				ASSETCATALOG_COMPILER_APPICON_NAME = AppIcon;
				CODE_SIGN_STYLE = Automatic;
				DEVELOPMENT_TEAM = DQ5CF8LT37;
				INFOPLIST_FILE = VenueProjectTest/Info.plist;
				LD_RUNPATH_SEARCH_PATHS = (
					"$(inherited)",
					"@executable_path/Frameworks",
				);
				PRODUCT_BUNDLE_IDENTIFIER = Testing.VenueProjectTest;
				PRODUCT_NAME = "$(TARGET_NAME)";
				SWIFT_VERSION = 4.2;
				TARGETED_DEVICE_FAMILY = "1,2";
			};
			name = Debug;
		};
		D528C194220E3C3B00977307 /* Release */ = {
			isa = XCBuildConfiguration;
			buildSettings = {
				ASSETCATALOG_COMPILER_APPICON_NAME = AppIcon;
				CODE_SIGN_STYLE = Automatic;
				DEVELOPMENT_TEAM = DQ5CF8LT37;
				INFOPLIST_FILE = VenueProjectTest/Info.plist;
				LD_RUNPATH_SEARCH_PATHS = (
					"$(inherited)",
					"@executable_path/Frameworks",
				);
				PRODUCT_BUNDLE_IDENTIFIER = Testing.VenueProjectTest;
				PRODUCT_NAME = "$(TARGET_NAME)";
				SWIFT_VERSION = 4.2;
				TARGETED_DEVICE_FAMILY = "1,2";
			};
			name = Release;
		};
/* End XCBuildConfiguration section */

/* Begin XCConfigurationList section */
		D528C17B220E3C3A00977307 /* Build configuration list for PBXProject "VenueProjectTest" */ = {
			isa = XCConfigurationList;
			buildConfigurations = (
				D528C190220E3C3B00977307 /* Debug */,
				D528C191220E3C3B00977307 /* Release */,
			);
			defaultConfigurationIsVisible = 0;
			defaultConfigurationName = Release;
		};
		D528C192220E3C3B00977307 /* Build configuration list for PBXNativeTarget "VenueProjectTest" */ = {
			isa = XCConfigurationList;
			buildConfigurations = (
				D528C193220E3C3B00977307 /* Debug */,
				D528C194220E3C3B00977307 /* Release */,
			);
			defaultConfigurationIsVisible = 0;
			defaultConfigurationName = Release;
		};
/* End XCConfigurationList section */
	};
	rootObject = D528C178220E3C3A00977307 /* Project object */;
}
